// !$*UTF8*$!
{
	archiveVersion = 1;
	classes = {
	};
	objectVersion = 56;
	objects = {

/* Begin PBXBuildFile section */
		800995042B283BDA0047D417 /* AppDelegate.swift in Sources */ = {isa = PBXBuildFile; fileRef = 800995032B283BDA0047D417 /* AppDelegate.swift */; };
		800995062B283BDA0047D417 /* SceneDelegate.swift in Sources */ = {isa = PBXBuildFile; fileRef = 800995052B283BDA0047D417 /* SceneDelegate.swift */; };
		8009950B2B283BDA0047D417 /* Main.storyboard in Resources */ = {isa = PBXBuildFile; fileRef = 800995092B283BDA0047D417 /* Main.storyboard */; };
		8009950D2B283BDC0047D417 /* Assets.xcassets in Resources */ = {isa = PBXBuildFile; fileRef = 8009950C2B283BDC0047D417 /* Assets.xcassets */; };
		800995102B283BDC0047D417 /* LaunchScreen.storyboard in Resources */ = {isa = PBXBuildFile; fileRef = 8009950E2B283BDC0047D417 /* LaunchScreen.storyboard */; };
		800995182B283D3B0047D417 /* SearchView.swift in Sources */ = {isa = PBXBuildFile; fileRef = 800995172B283D3B0047D417 /* SearchView.swift */; };
		8009951A2B283D700047D417 /* WeatherViewController.swift in Sources */ = {isa = PBXBuildFile; fileRef = 800995192B283D700047D417 /* WeatherViewController.swift */; };
		8009951C2B283DAD0047D417 /* APICaller.swift in Sources */ = {isa = PBXBuildFile; fileRef = 8009951B2B283DAD0047D417 /* APICaller.swift */; };
		8009951E2B284DF50047D417 /* DataView.swift in Sources */ = {isa = PBXBuildFile; fileRef = 8009951D2B284DF50047D417 /* DataView.swift */; };
		800995202B2859010047D417 /* Weather.swift in Sources */ = {isa = PBXBuildFile; fileRef = 8009951F2B2859010047D417 /* Weather.swift */; };
		80C715442BCD40A3009989FE /* CustomButton.swift in Sources */ = {isa = PBXBuildFile; fileRef = 80C715432BCD40A3009989FE /* CustomButton.swift */; };
		80E690692BAB110E00F728EC /* Localizable.strings in Resources */ = {isa = PBXBuildFile; fileRef = 80E6906B2BAB110E00F728EC /* Localizable.strings */; };
/* End PBXBuildFile section */

/* Begin PBXFileReference section */
		800995002B283BDA0047D417 /* weatherApp.app */ = {isa = PBXFileReference; explicitFileType = wrapper.application; includeInIndex = 0; path = weatherApp.app; sourceTree = BUILT_PRODUCTS_DIR; };
		800995032B283BDA0047D417 /* AppDelegate.swift */ = {isa = PBXFileReference; lastKnownFileType = sourcecode.swift; path = AppDelegate.swift; sourceTree = "<group>"; };
		800995052B283BDA0047D417 /* SceneDelegate.swift */ = {isa = PBXFileReference; lastKnownFileType = sourcecode.swift; path = SceneDelegate.swift; sourceTree = "<group>"; };
		8009950A2B283BDA0047D417 /* Base */ = {isa = PBXFileReference; lastKnownFileType = file.storyboard; name = Base; path = Base.lproj/Main.storyboard; sourceTree = "<group>"; };
		8009950C2B283BDC0047D417 /* Assets.xcassets */ = {isa = PBXFileReference; lastKnownFileType = folder.assetcatalog; path = Assets.xcassets; sourceTree = "<group>"; };
		8009950F2B283BDC0047D417 /* Base */ = {isa = PBXFileReference; lastKnownFileType = file.storyboard; name = Base; path = Base.lproj/LaunchScreen.storyboard; sourceTree = "<group>"; };
		800995112B283BDC0047D417 /* Info.plist */ = {isa = PBXFileReference; lastKnownFileType = text.plist.xml; path = Info.plist; sourceTree = "<group>"; };
		800995172B283D3B0047D417 /* SearchView.swift */ = {isa = PBXFileReference; lastKnownFileType = sourcecode.swift; path = SearchView.swift; sourceTree = "<group>"; };
		800995192B283D700047D417 /* WeatherViewController.swift */ = {isa = PBXFileReference; lastKnownFileType = sourcecode.swift; path = WeatherViewController.swift; sourceTree = "<group>"; };
		8009951B2B283DAD0047D417 /* APICaller.swift */ = {isa = PBXFileReference; lastKnownFileType = sourcecode.swift; path = APICaller.swift; sourceTree = "<group>"; };
		8009951D2B284DF50047D417 /* DataView.swift */ = {isa = PBXFileReference; lastKnownFileType = sourcecode.swift; path = DataView.swift; sourceTree = "<group>"; };
		8009951F2B2859010047D417 /* Weather.swift */ = {isa = PBXFileReference; lastKnownFileType = sourcecode.swift; path = Weather.swift; sourceTree = "<group>"; };
		80C715432BCD40A3009989FE /* CustomButton.swift */ = {isa = PBXFileReference; lastKnownFileType = sourcecode.swift; path = CustomButton.swift; sourceTree = "<group>"; };
		80E690612BAB103F00F728EC /* hi */ = {isa = PBXFileReference; lastKnownFileType = text.plist.strings; name = hi; path = hi.lproj/Main.strings; sourceTree = "<group>"; };
		80E6906C2BAB111700F728EC /* en */ = {isa = PBXFileReference; lastKnownFileType = text.plist.strings; name = en; path = en.lproj/Localizable.strings; sourceTree = "<group>"; };
		80E6906D2BAB111700F728EC /* hi */ = {isa = PBXFileReference; lastKnownFileType = text.plist.strings; name = hi; path = hi.lproj/Localizable.strings; sourceTree = "<group>"; };
/* End PBXFileReference section */

/* Begin PBXFrameworksBuildPhase section */
		800994FD2B283BDA0047D417 /* Frameworks */ = {
			isa = PBXFrameworksBuildPhase;
			buildActionMask = 2147483647;
			files = (
			);
			runOnlyForDeploymentPostprocessing = 0;
		};
/* End PBXFrameworksBuildPhase section */

/* Begin PBXGroup section */
		800994F72B283BDA0047D417 = {
			isa = PBXGroup;
			children = (
				800995022B283BDA0047D417 /* weatherApp */,
				800995012B283BDA0047D417 /* Products */,
			);
			sourceTree = "<group>";
		};
		800995012B283BDA0047D417 /* Products */ = {
			isa = PBXGroup;
			children = (
				800995002B283BDA0047D417 /* weatherApp.app */,
			);
			name = Products;
			sourceTree = "<group>";
		};
		800995022B283BDA0047D417 /* weatherApp */ = {
			isa = PBXGroup;
			children = (
				800995212B2865B50047D417 /* API */,
				800995222B2865BD0047D417 /* Models */,
				800995242B2865DC0047D417 /* Views */,
				800995232B2865C80047D417 /* ViewControllers */,
				800995032B283BDA0047D417 /* AppDelegate.swift */,
				800995052B283BDA0047D417 /* SceneDelegate.swift */,
				80E6906B2BAB110E00F728EC /* Localizable.strings */,
				800995092B283BDA0047D417 /* Main.storyboard */,
				8009950C2B283BDC0047D417 /* Assets.xcassets */,
				8009950E2B283BDC0047D417 /* LaunchScreen.storyboard */,
				800995112B283BDC0047D417 /* Info.plist */,
			);
			path = weatherApp;
			sourceTree = "<group>";
		};
		800995212B2865B50047D417 /* API */ = {
			isa = PBXGroup;
			children = (
				8009951B2B283DAD0047D417 /* APICaller.swift */,
			);
			path = API;
			sourceTree = "<group>";
		};
		800995222B2865BD0047D417 /* Models */ = {
			isa = PBXGroup;
			children = (
				8009951F2B2859010047D417 /* Weather.swift */,
			);
			path = Models;
			sourceTree = "<group>";
		};
		800995232B2865C80047D417 /* ViewControllers */ = {
			isa = PBXGroup;
			children = (
				800995192B283D700047D417 /* WeatherViewController.swift */,
			);
			path = ViewControllers;
			sourceTree = "<group>";
		};
		800995242B2865DC0047D417 /* Views */ = {
			isa = PBXGroup;
			children = (
				800995172B283D3B0047D417 /* SearchView.swift */,
				8009951D2B284DF50047D417 /* DataView.swift */,
				80C715432BCD40A3009989FE /* CustomButton.swift */,
			);
			path = Views;
			sourceTree = "<group>";
		};
/* End PBXGroup section */

/* Begin PBXNativeTarget section */
		800994FF2B283BDA0047D417 /* weatherApp */ = {
			isa = PBXNativeTarget;
			buildConfigurationList = 800995142B283BDC0047D417 /* Build configuration list for PBXNativeTarget "weatherApp" */;
			buildPhases = (
				800994FC2B283BDA0047D417 /* Sources */,
				800994FD2B283BDA0047D417 /* Frameworks */,
				800994FE2B283BDA0047D417 /* Resources */,
			);
			buildRules = (
			);
			dependencies = (
			);
			name = weatherApp;
			productName = weatherApp;
			productReference = 800995002B283BDA0047D417 /* weatherApp.app */;
			productType = "com.apple.product-type.application";
		};
/* End PBXNativeTarget section */

/* Begin PBXProject section */
		800994F82B283BDA0047D417 /* Project object */ = {
			isa = PBXProject;
			attributes = {
				BuildIndependentTargetsInParallel = 1;
				LastSwiftUpdateCheck = 1500;
				LastUpgradeCheck = 1500;
				TargetAttributes = {
					800994FF2B283BDA0047D417 = {
						CreatedOnToolsVersion = 15.0.1;
					};
				};
			};
			buildConfigurationList = 800994FB2B283BDA0047D417 /* Build configuration list for PBXProject "weatherApp" */;
			compatibilityVersion = "Xcode 14.0";
			developmentRegion = en;
			hasScannedForEncodings = 0;
			knownRegions = (
				en,
				Base,
				hi,
			);
			mainGroup = 800994F72B283BDA0047D417;
			productRefGroup = 800995012B283BDA0047D417 /* Products */;
			projectDirPath = "";
			projectRoot = "";
			targets = (
				800994FF2B283BDA0047D417 /* weatherApp */,
			);
		};
/* End PBXProject section */

/* Begin PBXResourcesBuildPhase section */
		800994FE2B283BDA0047D417 /* Resources */ = {
			isa = PBXResourcesBuildPhase;
			buildActionMask = 2147483647;
			files = (
				800995102B283BDC0047D417 /* LaunchScreen.storyboard in Resources */,
				80E690692BAB110E00F728EC /* Localizable.strings in Resources */,
				8009950D2B283BDC0047D417 /* Assets.xcassets in Resources */,
				8009950B2B283BDA0047D417 /* Main.storyboard in Resources */,
			);
			runOnlyForDeploymentPostprocessing = 0;
		};
/* End PBXResourcesBuildPhase section */

/* Begin PBXSourcesBuildPhase section */
		800994FC2B283BDA0047D417 /* Sources */ = {
			isa = PBXSourcesBuildPhase;
			buildActionMask = 2147483647;
			files = (
				8009951E2B284DF50047D417 /* DataView.swift in Sources */,
				800995182B283D3B0047D417 /* SearchView.swift in Sources */,
				8009951A2B283D700047D417 /* WeatherViewController.swift in Sources */,
				800995042B283BDA0047D417 /* AppDelegate.swift in Sources */,
				80C715442BCD40A3009989FE /* CustomButton.swift in Sources */,
				8009951C2B283DAD0047D417 /* APICaller.swift in Sources */,
				800995062B283BDA0047D417 /* SceneDelegate.swift in Sources */,
				800995202B2859010047D417 /* Weather.swift in Sources */,
			);
			runOnlyForDeploymentPostprocessing = 0;
		};
/* End PBXSourcesBuildPhase section */

/* Begin PBXVariantGroup section */
		800995092B283BDA0047D417 /* Main.storyboard */ = {
			isa = PBXVariantGroup;
			children = (
				8009950A2B283BDA0047D417 /* Base */,
				80E690612BAB103F00F728EC /* hi */,
			);
			name = Main.storyboard;
			sourceTree = "<group>";
		};
		8009950E2B283BDC0047D417 /* LaunchScreen.storyboard */ = {
			isa = PBXVariantGroup;
			children = (
				8009950F2B283BDC0047D417 /* Base */,
			);
			name = LaunchScreen.storyboard;
			sourceTree = "<group>";
		};
		80E6906B2BAB110E00F728EC /* Localizable.strings */ = {
			isa = PBXVariantGroup;
			children = (
				80E6906C2BAB111700F728EC /* en */,
				80E6906D2BAB111700F728EC /* hi */,
			);
			name = Localizable.strings;
			sourceTree = "<group>";
		};
/* End PBXVariantGroup section */

/* Begin XCBuildConfiguration section */
		800995122B283BDC0047D417 /* Debug */ = {
			isa = XCBuildConfiguration;
			buildSettings = {
				ALWAYS_SEARCH_USER_PATHS = NO;
				ASSETCATALOG_COMPILER_GENERATE_SWIFT_ASSET_SYMBOL_EXTENSIONS = YES;
				CLANG_ANALYZER_LOCALIZABILITY_NONLOCALIZED = YES;
				CLANG_ANALYZER_NONNULL = YES;
				CLANG_ANALYZER_NUMBER_OBJECT_CONVERSION = YES_AGGRESSIVE;
				CLANG_CXX_LANGUAGE_STANDARD = "gnu++20";
				CLANG_ENABLE_MODULES = YES;
				CLANG_ENABLE_OBJC_ARC = YES;
				CLANG_ENABLE_OBJC_WEAK = YES;
				CLANG_WARN_BLOCK_CAPTURE_AUTORELEASING = YES;
				CLANG_WARN_BOOL_CONVERSION = YES;
				CLANG_WARN_COMMA = YES;
				CLANG_WARN_CONSTANT_CONVERSION = YES;
				CLANG_WARN_DEPRECATED_OBJC_IMPLEMENTATIONS = YES;
				CLANG_WARN_DIRECT_OBJC_ISA_USAGE = YES_ERROR;
				CLANG_WARN_DOCUMENTATION_COMMENTS = YES;
				CLANG_WARN_EMPTY_BODY = YES;
				CLANG_WARN_ENUM_CONVERSION = YES;
				CLANG_WARN_INFINITE_RECURSION = YES;
				CLANG_WARN_INT_CONVERSION = YES;
				CLANG_WARN_NON_LITERAL_NULL_CONVERSION = YES;
				CLANG_WARN_OBJC_IMPLICIT_RETAIN_SELF = YES;
				CLANG_WARN_OBJC_LITERAL_CONVERSION = YES;
				CLANG_WARN_OBJC_ROOT_CLASS = YES_ERROR;
				CLANG_WARN_QUOTED_INCLUDE_IN_FRAMEWORK_HEADER = YES;
				CLANG_WARN_RANGE_LOOP_ANALYSIS = YES;
				CLANG_WARN_STRICT_PROTOTYPES = YES;
				CLANG_WARN_SUSPICIOUS_MOVE = YES;
				CLANG_WARN_UNGUARDED_AVAILABILITY = YES_AGGRESSIVE;
				CLANG_WARN_UNREACHABLE_CODE = YES;
				CLANG_WARN__DUPLICATE_METHOD_MATCH = YES;
				COPY_PHASE_STRIP = NO;
				DEBUG_INFORMATION_FORMAT = dwarf;
				ENABLE_STRICT_OBJC_MSGSEND = YES;
				ENABLE_TESTABILITY = YES;
				ENABLE_USER_SCRIPT_SANDBOXING = YES;
				GCC_C_LANGUAGE_STANDARD = gnu17;
				GCC_DYNAMIC_NO_PIC = NO;
				GCC_NO_COMMON_BLOCKS = YES;
				GCC_OPTIMIZATION_LEVEL = 0;
				GCC_PREPROCESSOR_DEFINITIONS = (
					"DEBUG=1",
					"$(inherited)",
				);
				GCC_WARN_64_TO_32_BIT_CONVERSION = YES;
				GCC_WARN_ABOUT_RETURN_TYPE = YES_ERROR;
				GCC_WARN_UNDECLARED_SELECTOR = YES;
				GCC_WARN_UNINITIALIZED_AUTOS = YES_AGGRESSIVE;
				GCC_WARN_UNUSED_FUNCTION = YES;
				GCC_WARN_UNUSED_VARIABLE = YES;
				IPHONEOS_DEPLOYMENT_TARGET = 17.0;
				LOCALIZATION_PREFERS_STRING_CATALOGS = YES;
				MTL_ENABLE_DEBUG_INFO = INCLUDE_SOURCE;
				MTL_FAST_MATH = YES;
				ONLY_ACTIVE_ARCH = YES;
				SDKROOT = iphoneos;
				SWIFT_ACTIVE_COMPILATION_CONDITIONS = "DEBUG $(inherited)";
				SWIFT_OPTIMIZATION_LEVEL = "-Onone";
			};
			name = Debug;
		};
		800995132B283BDC0047D417 /* Release */ = {
			isa = XCBuildConfiguration;
			buildSettings = {
				ALWAYS_SEARCH_USER_PATHS = NO;
				ASSETCATALOG_COMPILER_GENERATE_SWIFT_ASSET_SYMBOL_EXTENSIONS = YES;
				CLANG_ANALYZER_LOCALIZABILITY_NONLOCALIZED = YES;
				CLANG_ANALYZER_NONNULL = YES;
				CLANG_ANALYZER_NUMBER_OBJECT_CONVERSION = YES_AGGRESSIVE;
				CLANG_CXX_LANGUAGE_STANDARD = "gnu++20";
				CLANG_ENABLE_MODULES = YES;
				CLANG_ENABLE_OBJC_ARC = YES;
				CLANG_ENABLE_OBJC_WEAK = YES;
				CLANG_WARN_BLOCK_CAPTURE_AUTORELEASING = YES;
				CLANG_WARN_BOOL_CONVERSION = YES;
				CLANG_WARN_COMMA = YES;
				CLANG_WARN_CONSTANT_CONVERSION = YES;
				CLANG_WARN_DEPRECATED_OBJC_IMPLEMENTATIONS = YES;
				CLANG_WARN_DIRECT_OBJC_ISA_USAGE = YES_ERROR;
				CLANG_WARN_DOCUMENTATION_COMMENTS = YES;
				CLANG_WARN_EMPTY_BODY = YES;
				CLANG_WARN_ENUM_CONVERSION = YES;
				CLANG_WARN_INFINITE_RECURSION = YES;
				CLANG_WARN_INT_CONVERSION = YES;
				CLANG_WARN_NON_LITERAL_NULL_CONVERSION = YES;
				CLANG_WARN_OBJC_IMPLICIT_RETAIN_SELF = YES;
				CLANG_WARN_OBJC_LITERAL_CONVERSION = YES;
				CLANG_WARN_OBJC_ROOT_CLASS = YES_ERROR;
				CLANG_WARN_QUOTED_INCLUDE_IN_FRAMEWORK_HEADER = YES;
				CLANG_WARN_RANGE_LOOP_ANALYSIS = YES;
				CLANG_WARN_STRICT_PROTOTYPES = YES;
				CLANG_WARN_SUSPICIOUS_MOVE = YES;
				CLANG_WARN_UNGUARDED_AVAILABILITY = YES_AGGRESSIVE;
				CLANG_WARN_UNREACHABLE_CODE = YES;
				CLANG_WARN__DUPLICATE_METHOD_MATCH = YES;
				COPY_PHASE_STRIP = NO;
				DEBUG_INFORMATION_FORMAT = "dwarf-with-dsym";
				ENABLE_NS_ASSERTIONS = NO;
				ENABLE_STRICT_OBJC_MSGSEND = YES;
				ENABLE_USER_SCRIPT_SANDBOXING = YES;
				GCC_C_LANGUAGE_STANDARD = gnu17;
				GCC_NO_COMMON_BLOCKS = YES;
				GCC_WARN_64_TO_32_BIT_CONVERSION = YES;
				GCC_WARN_ABOUT_RETURN_TYPE = YES_ERROR;
				GCC_WARN_UNDECLARED_SELECTOR = YES;
				GCC_WARN_UNINITIALIZED_AUTOS = YES_AGGRESSIVE;
				GCC_WARN_UNUSED_FUNCTION = YES;
				GCC_WARN_UNUSED_VARIABLE = YES;
				IPHONEOS_DEPLOYMENT_TARGET = 17.0;
				LOCALIZATION_PREFERS_STRING_CATALOGS = YES;
				MTL_ENABLE_DEBUG_INFO = NO;
				MTL_FAST_MATH = YES;
				SDKROOT = iphoneos;
				SWIFT_COMPILATION_MODE = wholemodule;
				VALIDATE_PRODUCT = YES;
			};
			name = Release;
		};
		800995152B283BDC0047D417 /* Debug */ = {
			isa = XCBuildConfiguration;
			buildSettings = {
				ASSETCATALOG_COMPILER_APPICON_NAME = AppIcon;
				ASSETCATALOG_COMPILER_GLOBAL_ACCENT_COLOR_NAME = AccentColor;
				CODE_SIGN_STYLE = Automatic;
				CURRENT_PROJECT_VERSION = 1;
				DEVELOPMENT_TEAM = JC3R8W468N;
				GENERATE_INFOPLIST_FILE = YES;
				INFOPLIST_FILE = weatherApp/Info.plist;
				INFOPLIST_KEY_NSLocationWhenInUseUsageDescription = Anything;
				INFOPLIST_KEY_UIApplicationSupportsIndirectInputEvents = YES;
				INFOPLIST_KEY_UILaunchStoryboardName = LaunchScreen;
				INFOPLIST_KEY_UIMainStoryboardFile = Main;
				INFOPLIST_KEY_UISupportedInterfaceOrientations_iPad = "UIInterfaceOrientationPortrait UIInterfaceOrientationPortraitUpsideDown UIInterfaceOrientationLandscapeLeft UIInterfaceOrientationLandscapeRight";
				INFOPLIST_KEY_UISupportedInterfaceOrientations_iPhone = "UIInterfaceOrientationPortrait UIInterfaceOrientationLandscapeLeft UIInterfaceOrientationLandscapeRight";
				LD_RUNPATH_SEARCH_PATHS = (
					"$(inherited)",
					"@executable_path/Frameworks",
				);
				MARKETING_VERSION = 1.0;
				PRODUCT_BUNDLE_IDENTIFIER = learning.weatherApp;
				PRODUCT_NAME = "$(TARGET_NAME)";
				SWIFT_EMIT_LOC_STRINGS = YES;
				SWIFT_VERSION = 5.0;
				TARGETED_DEVICE_FAMILY = "1,2";
			};
			name = Debug;
		};
		800995162B283BDC0047D417 /* Release */ = {
			isa = XCBuildConfiguration;
			buildSettings = {
				ASSETCATALOG_COMPILER_APPICON_NAME = AppIcon;
				ASSETCATALOG_COMPILER_GLOBAL_ACCENT_COLOR_NAME = AccentColor;
				CODE_SIGN_STYLE = Automatic;
				CURRENT_PROJECT_VERSION = 1;
				DEVELOPMENT_TEAM = JC3R8W468N;
				GENERATE_INFOPLIST_FILE = YES;
				INFOPLIST_FILE = weatherApp/Info.plist;
				INFOPLIST_KEY_NSLocationWhenInUseUsageDescription = Anything;
				INFOPLIST_KEY_UIApplicationSupportsIndirectInputEvents = YES;
				INFOPLIST_KEY_UILaunchStoryboardName = LaunchScreen;
				INFOPLIST_KEY_UIMainStoryboardFile = Main;
				INFOPLIST_KEY_UISupportedInterfaceOrientations_iPad = "UIInterfaceOrientationPortrait UIInterfaceOrientationPortraitUpsideDown UIInterfaceOrientationLandscapeLeft UIInterfaceOrientationLandscapeRight";
				INFOPLIST_KEY_UISupportedInterfaceOrientations_iPhone = "UIInterfaceOrientationPortrait UIInterfaceOrientationLandscapeLeft UIInterfaceOrientationLandscapeRight";
				LD_RUNPATH_SEARCH_PATHS = (
					"$(inherited)",
					"@executable_path/Frameworks",
				);
				MARKETING_VERSION = 1.0;
				PRODUCT_BUNDLE_IDENTIFIER = learning.weatherApp;
				PRODUCT_NAME = "$(TARGET_NAME)";
				SWIFT_EMIT_LOC_STRINGS = YES;
				SWIFT_VERSION = 5.0;
				TARGETED_DEVICE_FAMILY = "1,2";
			};
			name = Release;
		};
/* End XCBuildConfiguration section */

/* Begin XCConfigurationList section */
		800994FB2B283BDA0047D417 /* Build configuration list for PBXProject "weatherApp" */ = {
			isa = XCConfigurationList;
			buildConfigurations = (
				800995122B283BDC0047D417 /* Debug */,
				800995132B283BDC0047D417 /* Release */,
			);
			defaultConfigurationIsVisible = 0;
			defaultConfigurationName = Release;
		};
		800995142B283BDC0047D417 /* Build configuration list for PBXNativeTarget "weatherApp" */ = {
			isa = XCConfigurationList;
			buildConfigurations = (
				800995152B283BDC0047D417 /* Debug */,
				800995162B283BDC0047D417 /* Release */,
			);
			defaultConfigurationIsVisible = 0;
			defaultConfigurationName = Release;
		};
/* End XCConfigurationList section */
	};
	rootObject = 800994F82B283BDA0047D417 /* Project object */;
}
